
Microsoft Visual Studio Solution File, Format Version 12.00
# Visual Studio Version 17
VisualStudioVersion = 17.13.35931.197
MinimumVisualStudioVersion = 10.0.40219.1
Project("{FAE04EC0-301F-11D3-BF4B-00C04F79EFBC}") = "ImageSegmentation", "ImageSegmentation\ImageSegmentation.csproj", "{9791A1F6-6E7A-434A-A818-1FF5ED40EB52}"
EndProject
Project("{FAE04EC0-301F-11D3-BF4B-00C04F79EFBC}") = "FrmMain", "..\FrmMain\FrmMain.csproj", "{FC08E055-142D-49AF-879C-3C975B92ED32}"
EndProject
Global
	GlobalSection(SolutionConfigurationPlatforms) = preSolution
		Debug|Any CPU = Debug|Any CPU
		Release|Any CPU = Release|Any CPU
	EndGlobalSection
	GlobalSection(ProjectConfigurationPlatforms) = postSolution
		{9791A1F6-6E7A-434A-A818-1FF5ED40EB52}.Debug|Any CPU.ActiveCfg = Debug|Any CPU
		{9791A1F6-6E7A-434A-A818-1FF5ED40EB52}.Debug|Any CPU.Build.0 = Debug|Any CPU
		{9791A1F6-6E7A-434A-A818-1FF5ED40EB52}.Release|Any CPU.ActiveCfg = Release|Any CPU
		{9791A1F6-6E7A-434A-A818-1FF5ED40EB52}.Release|Any CPU.Build.0 = Release|Any CPU
		{FC08E055-142D-49AF-879C-3C975B92ED32}.Debug|Any CPU.ActiveCfg = Debug|Any CPU
		{FC08E055-142D-49AF-879C-3C975B92ED32}.Debug|Any CPU.Build.0 = Debug|Any CPU
		{FC08E055-142D-49AF-879C-3C975B92ED32}.Release|Any CPU.ActiveCfg = Release|Any CPU
		{FC08E055-142D-49AF-879C-3C975B92ED32}.Release|Any CPU.Build.0 = Release|Any CPU
	EndGlobalSection
	GlobalSection(SolutionProperties) = preSolution
		HideSolutionNode = FALSE
	EndGlobalSection
	GlobalSection(ExtensibilityGlobals) = postSolution
		SolutionGuid = {47B857B7-2CD9-443A-AEDD-2F65E6169048}
	EndGlobalSection
EndGlobal
